
Microsoft Visual Studio Solution File, Format Version 12.00
# Visual Studio Version 17
VisualStudioVersion = 17.7.34031.279
MinimumVisualStudioVersion = 10.0.40219.1
Project("{FAE04EC0-301F-11D3-BF4B-00C04F79EFBC}") = "Ksat", "Ksat\Ksat.csproj", "{501C32E1-2E3D-4652-8729-F5BFE09C8D3B}"
EndProject
Global
	GlobalSection(SolutionConfigurationPlatforms) = preSolution
		Debug|Any CPU = Debug|Any CPU
		Release|Any CPU = Release|Any CPU
	EndGlobalSection
	GlobalSection(ProjectConfigurationPlatforms) = postSolution
		{501C32E1-2E3D-4652-8729-F5BFE09C8D3B}.Debug|Any CPU.ActiveCfg = Debug|Any CPU
		{501C32E1-2E3D-4652-8729-F5BFE09C8D3B}.Debug|Any CPU.Build.0 = Debug|Any CPU
		{501C32E1-2E3D-4652-8729-F5BFE09C8D3B}.Release|Any CPU.ActiveCfg = Release|Any CPU
		{501C32E1-2E3D-4652-8729-F5BFE09C8D3B}.Release|Any CPU.Build.0 = Release|Any CPU
	EndGlobalSection
	GlobalSection(SolutionProperties) = preSolution
		HideSolutionNode = FALSE
	EndGlobalSection
	GlobalSection(ExtensibilityGlobals) = postSolution
		SolutionGuid = {9FE7B44B-987A-4692-99E2-0DDD49446799}
	EndGlobalSection
EndGlobal
