
Microsoft Visual Studio Solution File, Format Version 12.00
# Visual Studio Version 17
VisualStudioVersion = 17.7.34031.279
MinimumVisualStudioVersion = 10.0.40219.1
Project("{FAE04EC0-301F-11D3-BF4B-00C04F79EFBC}") = "Pustok", "Pustok\Pustok.csproj", "{8F15E18A-DB8B-4E93-8A09-9D6DFA9E121E}"
EndProject
Global
	GlobalSection(SolutionConfigurationPlatforms) = preSolution
		Debug|Any CPU = Debug|Any CPU
		Release|Any CPU = Release|Any CPU
	EndGlobalSection
	GlobalSection(ProjectConfigurationPlatforms) = postSolution
		{8F15E18A-DB8B-4E93-8A09-9D6DFA9E121E}.Debug|Any CPU.ActiveCfg = Debug|Any CPU
		{8F15E18A-DB8B-4E93-8A09-9D6DFA9E121E}.Debug|Any CPU.Build.0 = Debug|Any CPU
		{8F15E18A-DB8B-4E93-8A09-9D6DFA9E121E}.Release|Any CPU.ActiveCfg = Release|Any CPU
		{8F15E18A-DB8B-4E93-8A09-9D6DFA9E121E}.Release|Any CPU.Build.0 = Release|Any CPU
	EndGlobalSection
	GlobalSection(SolutionProperties) = preSolution
		HideSolutionNode = FALSE
	EndGlobalSection
	GlobalSection(ExtensibilityGlobals) = postSolution
		SolutionGuid = {4C117FEE-9AEC-4269-AA9D-1D98579CDD94}
	EndGlobalSection
EndGlobal
