
Microsoft Visual Studio Solution File, Format Version 12.00
# Visual Studio Version 17
VisualStudioVersion = 17.7.34031.279
MinimumVisualStudioVersion = 10.0.40219.1
Project("{FAE04EC0-301F-11D3-BF4B-00C04F79EFBC}") = "ClassInheritance", "ClassInheritance\ClassInheritance.csproj", "{15FEE872-0359-4165-8386-5301A0E4397C}"
EndProject
Global
	GlobalSection(SolutionConfigurationPlatforms) = preSolution
		Debug|Any CPU = Debug|Any CPU
		Release|Any CPU = Release|Any CPU
	EndGlobalSection
	GlobalSection(ProjectConfigurationPlatforms) = postSolution
		{15FEE872-0359-4165-8386-5301A0E4397C}.Debug|Any CPU.ActiveCfg = Debug|Any CPU
		{15FEE872-0359-4165-8386-5301A0E4397C}.Debug|Any CPU.Build.0 = Debug|Any CPU
		{15FEE872-0359-4165-8386-5301A0E4397C}.Release|Any CPU.ActiveCfg = Release|Any CPU
		{15FEE872-0359-4165-8386-5301A0E4397C}.Release|Any CPU.Build.0 = Release|Any CPU
	EndGlobalSection
	GlobalSection(SolutionProperties) = preSolution
		HideSolutionNode = FALSE
	EndGlobalSection
	GlobalSection(ExtensibilityGlobals) = postSolution
		SolutionGuid = {B5CF5388-44B5-49FF-9D9B-5C2E275D7AA2}
	EndGlobalSection
EndGlobal
