
Microsoft Visual Studio Solution File, Format Version 12.00
# Visual Studio Version 17
VisualStudioVersion = 17.7.34031.279
MinimumVisualStudioVersion = 10.0.40219.1
Project("{FAE04EC0-301F-11D3-BF4B-00C04F79EFBC}") = "polindromNumberTask", "polindromNumberTask\polindromNumberTask.csproj", "{BCBC0FF4-61C1-4063-979A-106C89B6C303}"
EndProject
Global
	GlobalSection(SolutionConfigurationPlatforms) = preSolution
		Debug|Any CPU = Debug|Any CPU
		Release|Any CPU = Release|Any CPU
	EndGlobalSection
	GlobalSection(ProjectConfigurationPlatforms) = postSolution
		{BCBC0FF4-61C1-4063-979A-106C89B6C303}.Debug|Any CPU.ActiveCfg = Debug|Any CPU
		{BCBC0FF4-61C1-4063-979A-106C89B6C303}.Debug|Any CPU.Build.0 = Debug|Any CPU
		{BCBC0FF4-61C1-4063-979A-106C89B6C303}.Release|Any CPU.ActiveCfg = Release|Any CPU
		{BCBC0FF4-61C1-4063-979A-106C89B6C303}.Release|Any CPU.Build.0 = Release|Any CPU
	EndGlobalSection
	GlobalSection(SolutionProperties) = preSolution
		HideSolutionNode = FALSE
	EndGlobalSection
	GlobalSection(ExtensibilityGlobals) = postSolution
		SolutionGuid = {27F52BB6-B97B-450E-93E8-64DB4F336ADD}
	EndGlobalSection
EndGlobal
