
Microsoft Visual Studio Solution File, Format Version 12.00
# Visual Studio Version 17
VisualStudioVersion = 17.7.34031.279
MinimumVisualStudioVersion = 10.0.40219.1
Project("{9A19103F-16F7-4668-BE54-9A1E7A4F7556}") = "ConsoleApp1", "ConsoleApp1\ConsoleApp1.csproj", "{2C0DEEFB-83B5-4432-8567-6448EBEE48CC}"
EndProject
Project("{FAE04EC0-301F-11D3-BF4B-00C04F79EFBC}") = "ConsoleApp2", "ConsoleApp2\ConsoleApp2.csproj", "{A21F35D6-61F0-4BAD-8525-039F6FF4CF8A}"
EndProject
Global
	GlobalSection(SolutionConfigurationPlatforms) = preSolution
		Debug|Any CPU = Debug|Any CPU
		Release|Any CPU = Release|Any CPU
	EndGlobalSection
	GlobalSection(ProjectConfigurationPlatforms) = postSolution
		{2C0DEEFB-83B5-4432-8567-6448EBEE48CC}.Debug|Any CPU.ActiveCfg = Debug|Any CPU
		{2C0DEEFB-83B5-4432-8567-6448EBEE48CC}.Debug|Any CPU.Build.0 = Debug|Any CPU
		{2C0DEEFB-83B5-4432-8567-6448EBEE48CC}.Release|Any CPU.ActiveCfg = Release|Any CPU
		{2C0DEEFB-83B5-4432-8567-6448EBEE48CC}.Release|Any CPU.Build.0 = Release|Any CPU
		{A21F35D6-61F0-4BAD-8525-039F6FF4CF8A}.Debug|Any CPU.ActiveCfg = Debug|Any CPU
		{A21F35D6-61F0-4BAD-8525-039F6FF4CF8A}.Debug|Any CPU.Build.0 = Debug|Any CPU
		{A21F35D6-61F0-4BAD-8525-039F6FF4CF8A}.Release|Any CPU.ActiveCfg = Release|Any CPU
		{A21F35D6-61F0-4BAD-8525-039F6FF4CF8A}.Release|Any CPU.Build.0 = Release|Any CPU
	EndGlobalSection
	GlobalSection(SolutionProperties) = preSolution
		HideSolutionNode = FALSE
	EndGlobalSection
	GlobalSection(ExtensibilityGlobals) = postSolution
		SolutionGuid = {DF956B30-A14D-4969-8A59-92A99012A06B}
	EndGlobalSection
EndGlobal
